// !$*UTF8*$!
{
	archiveVersion = 1;
	classes = {
	};
	objectVersion = 52;
	objects = {

/* Begin PBXBuildFile section */
		F825C1FA2788B80700CA8484 /* SwiftBook in Frameworks */ = {isa = PBXBuildFile; productRef = F825C1F92788B80700CA8484 /* SwiftBook */; };
		F825C1FC2788B80F00CA8484 /* SwiftBook in Frameworks */ = {isa = PBXBuildFile; productRef = F825C1FB2788B80F00CA8484 /* SwiftBook */; };
		F8388ACC2780139000032790 /* SwiftBookApp.swift in Sources */ = {isa = PBXBuildFile; fileRef = F8388ABA2780138F00032790 /* SwiftBookApp.swift */; };
		F8388ACD2780139000032790 /* SwiftBookApp.swift in Sources */ = {isa = PBXBuildFile; fileRef = F8388ABA2780138F00032790 /* SwiftBookApp.swift */; };
		F8388AD02780139000032790 /* Assets.xcassets in Resources */ = {isa = PBXBuildFile; fileRef = F8388ABC2780139000032790 /* Assets.xcassets */; };
		F8388AD12780139000032790 /* Assets.xcassets in Resources */ = {isa = PBXBuildFile; fileRef = F8388ABC2780139000032790 /* Assets.xcassets */; };
		F8388AD9278013D000032790 /* CircleView.swift in Sources */ = {isa = PBXBuildFile; fileRef = F8715A07275836B500FFFA16 /* CircleView.swift */; };
		F8388ADA278013D000032790 /* RectangleView.swift in Sources */ = {isa = PBXBuildFile; fileRef = F8715A06275836B500FFFA16 /* RectangleView.swift */; };
		F8388ADB278013D000032790 /* CircleDoc.swift in Sources */ = {isa = PBXBuildFile; fileRef = F8715A0C275836FF00FFFA16 /* CircleDoc.swift */; };
		F8388ADC278013D000032790 /* RectangleDoc.swift in Sources */ = {isa = PBXBuildFile; fileRef = F8715A0D275836FF00FFFA16 /* RectangleDoc.swift */; };
		F8388ADD278013D500032790 /* CircleView.swift in Sources */ = {isa = PBXBuildFile; fileRef = F8715A07275836B500FFFA16 /* CircleView.swift */; };
		F8388ADE278013D500032790 /* RectangleView.swift in Sources */ = {isa = PBXBuildFile; fileRef = F8715A06275836B500FFFA16 /* RectangleView.swift */; };
		F8388ADF278013D500032790 /* CircleDoc.swift in Sources */ = {isa = PBXBuildFile; fileRef = F8715A0C275836FF00FFFA16 /* CircleDoc.swift */; };
		F8388AE0278013D500032790 /* RectangleDoc.swift in Sources */ = {isa = PBXBuildFile; fileRef = F8715A0D275836FF00FFFA16 /* RectangleDoc.swift */; };
		F882670327880B2700CCDD9A /* BarChartView.swift in Sources */ = {isa = PBXBuildFile; fileRef = F882670227880B2700CCDD9A /* BarChartView.swift */; };
		F882670427880B2700CCDD9A /* BarChartView.swift in Sources */ = {isa = PBXBuildFile; fileRef = F882670227880B2700CCDD9A /* BarChartView.swift */; };
		F882670627880D7B00CCDD9A /* BarChartDoc.swift in Sources */ = {isa = PBXBuildFile; fileRef = F882670527880D7B00CCDD9A /* BarChartDoc.swift */; };
		F882670727880D7B00CCDD9A /* BarChartDoc.swift in Sources */ = {isa = PBXBuildFile; fileRef = F882670527880D7B00CCDD9A /* BarChartDoc.swift */; };
/* End PBXBuildFile section */

/* Begin PBXFileReference section */
		F8388ABA2780138F00032790 /* SwiftBookApp.swift */ = {isa = PBXFileReference; lastKnownFileType = sourcecode.swift; path = SwiftBookApp.swift; sourceTree = "<group>"; };
		F8388ABC2780139000032790 /* Assets.xcassets */ = {isa = PBXFileReference; lastKnownFileType = folder.assetcatalog; path = Assets.xcassets; sourceTree = "<group>"; };
		F8388AC12780139000032790 /* ShapesSwiftBook.app */ = {isa = PBXFileReference; explicitFileType = wrapper.application; includeInIndex = 0; path = ShapesSwiftBook.app; sourceTree = BUILT_PRODUCTS_DIR; };
		F8388AC32780139000032790 /* Info.plist */ = {isa = PBXFileReference; lastKnownFileType = text.plist.xml; path = Info.plist; sourceTree = "<group>"; };
		F8388AC82780139000032790 /* ShapesSwiftBook.app */ = {isa = PBXFileReference; explicitFileType = wrapper.application; includeInIndex = 0; path = ShapesSwiftBook.app; sourceTree = BUILT_PRODUCTS_DIR; };
		F8388ACA2780139000032790 /* Info.plist */ = {isa = PBXFileReference; lastKnownFileType = text.plist.xml; path = Info.plist; sourceTree = "<group>"; };
		F8388ACB2780139000032790 /* macOS.entitlements */ = {isa = PBXFileReference; lastKnownFileType = text.plist.entitlements; path = macOS.entitlements; sourceTree = "<group>"; };
		F8715A06275836B500FFFA16 /* RectangleView.swift */ = {isa = PBXFileReference; fileEncoding = 4; lastKnownFileType = sourcecode.swift; path = RectangleView.swift; sourceTree = "<group>"; };
		F8715A07275836B500FFFA16 /* CircleView.swift */ = {isa = PBXFileReference; fileEncoding = 4; lastKnownFileType = sourcecode.swift; path = CircleView.swift; sourceTree = "<group>"; };
		F8715A0C275836FF00FFFA16 /* CircleDoc.swift */ = {isa = PBXFileReference; fileEncoding = 4; lastKnownFileType = sourcecode.swift; path = CircleDoc.swift; sourceTree = "<group>"; };
		F8715A0D275836FF00FFFA16 /* RectangleDoc.swift */ = {isa = PBXFileReference; fileEncoding = 4; lastKnownFileType = sourcecode.swift; path = RectangleDoc.swift; sourceTree = "<group>"; };
		F882670227880B2700CCDD9A /* BarChartView.swift */ = {isa = PBXFileReference; lastKnownFileType = sourcecode.swift; path = BarChartView.swift; sourceTree = "<group>"; };
		F882670527880D7B00CCDD9A /* BarChartDoc.swift */ = {isa = PBXFileReference; lastKnownFileType = sourcecode.swift; path = BarChartDoc.swift; sourceTree = "<group>"; };
/* End PBXFileReference section */

/* Begin PBXFrameworksBuildPhase section */
		F8388ABE2780139000032790 /* Frameworks */ = {
			isa = PBXFrameworksBuildPhase;
			buildActionMask = 2147483647;
			files = (
				F825C1FA2788B80700CA8484 /* SwiftBook in Frameworks */,
			);
			runOnlyForDeploymentPostprocessing = 0;
		};
		F8388AC52780139000032790 /* Frameworks */ = {
			isa = PBXFrameworksBuildPhase;
			buildActionMask = 2147483647;
			files = (
				F825C1FC2788B80F00CA8484 /* SwiftBook in Frameworks */,
			);
			runOnlyForDeploymentPostprocessing = 0;
		};
/* End PBXFrameworksBuildPhase section */

/* Begin PBXGroup section */
		F8388AB92780138F00032790 /* Shared */ = {
			isa = PBXGroup;
			children = (
				F8388ABA2780138F00032790 /* SwiftBookApp.swift */,
				F8388ABC2780139000032790 /* Assets.xcassets */,
			);
			path = Shared;
			sourceTree = "<group>";
		};
		F8388AC22780139000032790 /* iOS */ = {
			isa = PBXGroup;
			children = (
				F8388AC32780139000032790 /* Info.plist */,
			);
			path = iOS;
			sourceTree = "<group>";
		};
		F8388AC92780139000032790 /* macOS */ = {
			isa = PBXGroup;
			children = (
				F8388ACA2780139000032790 /* Info.plist */,
				F8388ACB2780139000032790 /* macOS.entitlements */,
			);
			path = macOS;
			sourceTree = "<group>";
		};
		F87159CD275835D600FFFA16 = {
			isa = PBXGroup;
			children = (
				F87159D8275835D600FFFA16 /* Shapes */,
				F895A25E276FA92B00C3939E /* SwiftBook */,
				F8388AB92780138F00032790 /* Shared */,
				F8388AC22780139000032790 /* iOS */,
				F8388AC92780139000032790 /* macOS */,
				F87159D7275835D600FFFA16 /* Products */,
				F8B360D827602BDA005F8AB6 /* Frameworks */,
			);
			sourceTree = "<group>";
		};
		F87159D7275835D600FFFA16 /* Products */ = {
			isa = PBXGroup;
			children = (
				F8388AC12780139000032790 /* ShapesSwiftBook.app */,
				F8388AC82780139000032790 /* ShapesSwiftBook.app */,
			);
			name = Products;
			sourceTree = "<group>";
		};
		F87159D8275835D600FFFA16 /* Shapes */ = {
			isa = PBXGroup;
			children = (
				F882670227880B2700CCDD9A /* BarChartView.swift */,
				F8715A07275836B500FFFA16 /* CircleView.swift */,
				F8715A06275836B500FFFA16 /* RectangleView.swift */,
			);
			path = Shapes;
			sourceTree = "<group>";
		};
		F895A25E276FA92B00C3939E /* SwiftBook */ = {
			isa = PBXGroup;
			children = (
				F882670527880D7B00CCDD9A /* BarChartDoc.swift */,
				F8715A0C275836FF00FFFA16 /* CircleDoc.swift */,
				F8715A0D275836FF00FFFA16 /* RectangleDoc.swift */,
			);
			path = SwiftBook;
			sourceTree = "<group>";
		};
		F8B360D827602BDA005F8AB6 /* Frameworks */ = {
			isa = PBXGroup;
			children = (
			);
			name = Frameworks;
			sourceTree = "<group>";
		};
/* End PBXGroup section */

/* Begin PBXNativeTarget section */
		F8388AC02780139000032790 /* ShapesSwiftBook (iOS) */ = {
			isa = PBXNativeTarget;
			buildConfigurationList = F8388AD22780139000032790 /* Build configuration list for PBXNativeTarget "ShapesSwiftBook (iOS)" */;
			buildPhases = (
				F8388ABD2780139000032790 /* Sources */,
				F8388ABE2780139000032790 /* Frameworks */,
				F8388ABF2780139000032790 /* Resources */,
			);
			buildRules = (
			);
			dependencies = (
			);
			name = "ShapesSwiftBook (iOS)";
			packageProductDependencies = (
				F825C1F92788B80700CA8484 /* SwiftBook */,
			);
			productName = "SwiftBook (iOS)";
			productReference = F8388AC12780139000032790 /* ShapesSwiftBook.app */;
			productType = "com.apple.product-type.application";
		};
		F8388AC72780139000032790 /* ShapesSwiftBook (macOS) */ = {
			isa = PBXNativeTarget;
			buildConfigurationList = F8388AD52780139000032790 /* Build configuration list for PBXNativeTarget "ShapesSwiftBook (macOS)" */;
			buildPhases = (
				F8388AC42780139000032790 /* Sources */,
				F8388AC52780139000032790 /* Frameworks */,
				F8388AC62780139000032790 /* Resources */,
			);
			buildRules = (
			);
			dependencies = (
			);
			name = "ShapesSwiftBook (macOS)";
			packageProductDependencies = (
				F825C1FB2788B80F00CA8484 /* SwiftBook */,
			);
			productName = "SwiftBook (macOS)";
			productReference = F8388AC82780139000032790 /* ShapesSwiftBook.app */;
			productType = "com.apple.product-type.application";
		};
/* End PBXNativeTarget section */

/* Begin PBXProject section */
		F87159CE275835D600FFFA16 /* Project object */ = {
			isa = PBXProject;
			attributes = {
				LastSwiftUpdateCheck = 1250;
				LastUpgradeCheck = 1320;
				TargetAttributes = {
					F8388AC02780139000032790 = {
						CreatedOnToolsVersion = 12.5.1;
					};
					F8388AC72780139000032790 = {
						CreatedOnToolsVersion = 12.5.1;
					};
				};
			};
			buildConfigurationList = F87159D1275835D600FFFA16 /* Build configuration list for PBXProject "Shapes" */;
			compatibilityVersion = "Xcode 9.3";
			developmentRegion = en;
			hasScannedForEncodings = 0;
			knownRegions = (
				en,
				Base,
			);
			mainGroup = F87159CD275835D600FFFA16;
			packageReferences = (
				F825C1F82788B80700CA8484 /* XCRemoteSwiftPackageReference "swiftbook" */,
			);
			productRefGroup = F87159D7275835D600FFFA16 /* Products */;
			projectDirPath = "";
			projectRoot = "";
			targets = (
				F8388AC02780139000032790 /* ShapesSwiftBook (iOS) */,
				F8388AC72780139000032790 /* ShapesSwiftBook (macOS) */,
			);
		};
/* End PBXProject section */

/* Begin PBXResourcesBuildPhase section */
		F8388ABF2780139000032790 /* Resources */ = {
			isa = PBXResourcesBuildPhase;
			buildActionMask = 2147483647;
			files = (
				F8388AD02780139000032790 /* Assets.xcassets in Resources */,
			);
			runOnlyForDeploymentPostprocessing = 0;
		};
		F8388AC62780139000032790 /* Resources */ = {
			isa = PBXResourcesBuildPhase;
			buildActionMask = 2147483647;
			files = (
				F8388AD12780139000032790 /* Assets.xcassets in Resources */,
			);
			runOnlyForDeploymentPostprocessing = 0;
		};
/* End PBXResourcesBuildPhase section */

/* Begin PBXSourcesBuildPhase section */
		F8388ABD2780139000032790 /* Sources */ = {
			isa = PBXSourcesBuildPhase;
			buildActionMask = 2147483647;
			files = (
				F882670627880D7B00CCDD9A /* BarChartDoc.swift in Sources */,
				F8388ADD278013D500032790 /* CircleView.swift in Sources */,
				F8388ADE278013D500032790 /* RectangleView.swift in Sources */,
				F8388ADF278013D500032790 /* CircleDoc.swift in Sources */,
				F8388AE0278013D500032790 /* RectangleDoc.swift in Sources */,
				F8388ACC2780139000032790 /* SwiftBookApp.swift in Sources */,
				F882670327880B2700CCDD9A /* BarChartView.swift in Sources */,
			);
			runOnlyForDeploymentPostprocessing = 0;
		};
		F8388AC42780139000032790 /* Sources */ = {
			isa = PBXSourcesBuildPhase;
			buildActionMask = 2147483647;
			files = (
				F882670727880D7B00CCDD9A /* BarChartDoc.swift in Sources */,
				F8388AD9278013D000032790 /* CircleView.swift in Sources */,
				F8388ADA278013D000032790 /* RectangleView.swift in Sources */,
				F8388ADB278013D000032790 /* CircleDoc.swift in Sources */,
				F8388ADC278013D000032790 /* RectangleDoc.swift in Sources */,
				F8388ACD2780139000032790 /* SwiftBookApp.swift in Sources */,
				F882670427880B2700CCDD9A /* BarChartView.swift in Sources */,
			);
			runOnlyForDeploymentPostprocessing = 0;
		};
/* End PBXSourcesBuildPhase section */

/* Begin XCBuildConfiguration section */
		F8388AD32780139000032790 /* Debug */ = {
			isa = XCBuildConfiguration;
			buildSettings = {
				ASSETCATALOG_COMPILER_APPICON_NAME = AppIcon;
				ASSETCATALOG_COMPILER_GLOBAL_ACCENT_COLOR_NAME = AccentColor;
				CODE_SIGN_ENTITLEMENTS = ShapesSwiftBook.entitlements;
				CODE_SIGN_STYLE = Automatic;
				DEVELOPMENT_TEAM = 3EZ5UQTGVP;
				ENABLE_PREVIEWS = YES;
				INFOPLIST_FILE = iOS/Info.plist;
				IPHONEOS_DEPLOYMENT_TARGET = 14.1;
				LD_RUNPATH_SEARCH_PATHS = (
					"$(inherited)",
					"@executable_path/Frameworks",
				);
				PRODUCT_BUNDLE_IDENTIFIER = com.cerebralstudio.ShapesSwiftBook;
				PRODUCT_NAME = ShapesSwiftBook;
				SDKROOT = iphoneos;
				SUPPORTS_MACCATALYST = YES;
				SWIFT_VERSION = 5.0;
				TARGETED_DEVICE_FAMILY = "2,6";
			};
			name = Debug;
		};
		F8388AD42780139000032790 /* Release */ = {
			isa = XCBuildConfiguration;
			buildSettings = {
				ASSETCATALOG_COMPILER_APPICON_NAME = AppIcon;
				ASSETCATALOG_COMPILER_GLOBAL_ACCENT_COLOR_NAME = AccentColor;
				CODE_SIGN_ENTITLEMENTS = ShapesSwiftBook.entitlements;
				CODE_SIGN_STYLE = Automatic;
				DEVELOPMENT_TEAM = 3EZ5UQTGVP;
				ENABLE_PREVIEWS = YES;
				INFOPLIST_FILE = iOS/Info.plist;
				IPHONEOS_DEPLOYMENT_TARGET = 14.1;
				LD_RUNPATH_SEARCH_PATHS = (
					"$(inherited)",
					"@executable_path/Frameworks",
				);
				PRODUCT_BUNDLE_IDENTIFIER = com.cerebralstudio.ShapesSwiftBook;
				PRODUCT_NAME = ShapesSwiftBook;
				SDKROOT = iphoneos;
				SUPPORTS_MACCATALYST = YES;
				SWIFT_VERSION = 5.0;
				TARGETED_DEVICE_FAMILY = "2,6";
				VALIDATE_PRODUCT = YES;
			};
			name = Release;
		};
		F8388AD62780139000032790 /* Debug */ = {
			isa = XCBuildConfiguration;
			buildSettings = {
				ASSETCATALOG_COMPILER_APPICON_NAME = AppIcon;
				ASSETCATALOG_COMPILER_GLOBAL_ACCENT_COLOR_NAME = AccentColor;
				CODE_SIGN_ENTITLEMENTS = macOS/macOS.entitlements;
				CODE_SIGN_IDENTITY = "-";
				CODE_SIGN_STYLE = Automatic;
				COMBINE_HIDPI_IMAGES = YES;
				DEVELOPMENT_TEAM = 3EZ5UQTGVP;
				ENABLE_HARDENED_RUNTIME = YES;
				ENABLE_PREVIEWS = YES;
				INFOPLIST_FILE = macOS/Info.plist;
				LD_RUNPATH_SEARCH_PATHS = (
					"$(inherited)",
					"@executable_path/../Frameworks",
				);
				MACOSX_DEPLOYMENT_TARGET = 11.0;
				PRODUCT_BUNDLE_IDENTIFIER = com.cerebralstudio.ShapesSwiftBook;
				PRODUCT_NAME = ShapesSwiftBook;
				SDKROOT = macosx;
				SWIFT_VERSION = 5.0;
			};
			name = Debug;
		};
		F8388AD72780139000032790 /* Release */ = {
			isa = XCBuildConfiguration;
			buildSettings = {
				ASSETCATALOG_COMPILER_APPICON_NAME = AppIcon;
				ASSETCATALOG_COMPILER_GLOBAL_ACCENT_COLOR_NAME = AccentColor;
				CODE_SIGN_ENTITLEMENTS = macOS/macOS.entitlements;
				CODE_SIGN_IDENTITY = "-";
				CODE_SIGN_STYLE = Automatic;
				COMBINE_HIDPI_IMAGES = YES;
				DEVELOPMENT_TEAM = 3EZ5UQTGVP;
				ENABLE_HARDENED_RUNTIME = YES;
				ENABLE_PREVIEWS = YES;
				INFOPLIST_FILE = macOS/Info.plist;
				LD_RUNPATH_SEARCH_PATHS = (
					"$(inherited)",
					"@executable_path/../Frameworks",
				);
				MACOSX_DEPLOYMENT_TARGET = 11.0;
				PRODUCT_BUNDLE_IDENTIFIER = com.cerebralstudio.ShapesSwiftBook;
				PRODUCT_NAME = ShapesSwiftBook;
				SDKROOT = macosx;
				SWIFT_VERSION = 5.0;
			};
			name = Release;
		};
		F87159E7275835D700FFFA16 /* Debug */ = {
			isa = XCBuildConfiguration;
			buildSettings = {
				ALWAYS_SEARCH_USER_PATHS = NO;
				CLANG_ANALYZER_NONNULL = YES;
				CLANG_ANALYZER_NUMBER_OBJECT_CONVERSION = YES_AGGRESSIVE;
				CLANG_CXX_LANGUAGE_STANDARD = "gnu++14";
				CLANG_CXX_LIBRARY = "libc++";
				CLANG_ENABLE_MODULES = YES;
				CLANG_ENABLE_OBJC_ARC = YES;
				CLANG_ENABLE_OBJC_WEAK = YES;
				CLANG_WARN_BLOCK_CAPTURE_AUTORELEASING = YES;
				CLANG_WARN_BOOL_CONVERSION = YES;
				CLANG_WARN_COMMA = YES;
				CLANG_WARN_CONSTANT_CONVERSION = YES;
				CLANG_WARN_DEPRECATED_OBJC_IMPLEMENTATIONS = YES;
				CLANG_WARN_DIRECT_OBJC_ISA_USAGE = YES_ERROR;
				CLANG_WARN_DOCUMENTATION_COMMENTS = YES;
				CLANG_WARN_EMPTY_BODY = YES;
				CLANG_WARN_ENUM_CONVERSION = YES;
				CLANG_WARN_INFINITE_RECURSION = YES;
				CLANG_WARN_INT_CONVERSION = YES;
				CLANG_WARN_NON_LITERAL_NULL_CONVERSION = YES;
				CLANG_WARN_OBJC_IMPLICIT_RETAIN_SELF = YES;
				CLANG_WARN_OBJC_LITERAL_CONVERSION = YES;
				CLANG_WARN_OBJC_ROOT_CLASS = YES_ERROR;
				CLANG_WARN_QUOTED_INCLUDE_IN_FRAMEWORK_HEADER = YES;
				CLANG_WARN_RANGE_LOOP_ANALYSIS = YES;
				CLANG_WARN_STRICT_PROTOTYPES = YES;
				CLANG_WARN_SUSPICIOUS_MOVE = YES;
				CLANG_WARN_UNGUARDED_AVAILABILITY = YES_AGGRESSIVE;
				CLANG_WARN_UNREACHABLE_CODE = YES;
				CLANG_WARN__DUPLICATE_METHOD_MATCH = YES;
				COPY_PHASE_STRIP = NO;
				DEBUG_INFORMATION_FORMAT = dwarf;
				ENABLE_STRICT_OBJC_MSGSEND = YES;
				ENABLE_TESTABILITY = YES;
				GCC_C_LANGUAGE_STANDARD = gnu11;
				GCC_DYNAMIC_NO_PIC = NO;
				GCC_NO_COMMON_BLOCKS = YES;
				GCC_OPTIMIZATION_LEVEL = 0;
				GCC_PREPROCESSOR_DEFINITIONS = (
					"DEBUG=1",
					"$(inherited)",
				);
				GCC_WARN_64_TO_32_BIT_CONVERSION = YES;
				GCC_WARN_ABOUT_RETURN_TYPE = YES_ERROR;
				GCC_WARN_UNDECLARED_SELECTOR = YES;
				GCC_WARN_UNINITIALIZED_AUTOS = YES_AGGRESSIVE;
				GCC_WARN_UNUSED_FUNCTION = YES;
				GCC_WARN_UNUSED_VARIABLE = YES;
				IPHONEOS_DEPLOYMENT_TARGET = 14.1;
				MACOSX_DEPLOYMENT_TARGET = 10.15;
				MTL_ENABLE_DEBUG_INFO = INCLUDE_SOURCE;
				MTL_FAST_MATH = YES;
				ONLY_ACTIVE_ARCH = YES;
				SDKROOT = macosx;
				SWIFT_ACTIVE_COMPILATION_CONDITIONS = DEBUG;
				SWIFT_OPTIMIZATION_LEVEL = "-Onone";
			};
			name = Debug;
		};
		F87159E8275835D700FFFA16 /* Release */ = {
			isa = XCBuildConfiguration;
			buildSettings = {
				ALWAYS_SEARCH_USER_PATHS = NO;
				CLANG_ANALYZER_NONNULL = YES;
				CLANG_ANALYZER_NUMBER_OBJECT_CONVERSION = YES_AGGRESSIVE;
				CLANG_CXX_LANGUAGE_STANDARD = "gnu++14";
				CLANG_CXX_LIBRARY = "libc++";
				CLANG_ENABLE_MODULES = YES;
				CLANG_ENABLE_OBJC_ARC = YES;
				CLANG_ENABLE_OBJC_WEAK = YES;
				CLANG_WARN_BLOCK_CAPTURE_AUTORELEASING = YES;
				CLANG_WARN_BOOL_CONVERSION = YES;
				CLANG_WARN_COMMA = YES;
				CLANG_WARN_CONSTANT_CONVERSION = YES;
				CLANG_WARN_DEPRECATED_OBJC_IMPLEMENTATIONS = YES;
				CLANG_WARN_DIRECT_OBJC_ISA_USAGE = YES_ERROR;
				CLANG_WARN_DOCUMENTATION_COMMENTS = YES;
				CLANG_WARN_EMPTY_BODY = YES;
				CLANG_WARN_ENUM_CONVERSION = YES;
				CLANG_WARN_INFINITE_RECURSION = YES;
				CLANG_WARN_INT_CONVERSION = YES;
				CLANG_WARN_NON_LITERAL_NULL_CONVERSION = YES;
				CLANG_WARN_OBJC_IMPLICIT_RETAIN_SELF = YES;
				CLANG_WARN_OBJC_LITERAL_CONVERSION = YES;
				CLANG_WARN_OBJC_ROOT_CLASS = YES_ERROR;
				CLANG_WARN_QUOTED_INCLUDE_IN_FRAMEWORK_HEADER = YES;
				CLANG_WARN_RANGE_LOOP_ANALYSIS = YES;
				CLANG_WARN_STRICT_PROTOTYPES = YES;
				CLANG_WARN_SUSPICIOUS_MOVE = YES;
				CLANG_WARN_UNGUARDED_AVAILABILITY = YES_AGGRESSIVE;
				CLANG_WARN_UNREACHABLE_CODE = YES;
				CLANG_WARN__DUPLICATE_METHOD_MATCH = YES;
				COPY_PHASE_STRIP = NO;
				DEBUG_INFORMATION_FORMAT = "dwarf-with-dsym";
				ENABLE_NS_ASSERTIONS = NO;
				ENABLE_STRICT_OBJC_MSGSEND = YES;
				GCC_C_LANGUAGE_STANDARD = gnu11;
				GCC_NO_COMMON_BLOCKS = YES;
				GCC_WARN_64_TO_32_BIT_CONVERSION = YES;
				GCC_WARN_ABOUT_RETURN_TYPE = YES_ERROR;
				GCC_WARN_UNDECLARED_SELECTOR = YES;
				GCC_WARN_UNINITIALIZED_AUTOS = YES_AGGRESSIVE;
				GCC_WARN_UNUSED_FUNCTION = YES;
				GCC_WARN_UNUSED_VARIABLE = YES;
				IPHONEOS_DEPLOYMENT_TARGET = 14.1;
				MACOSX_DEPLOYMENT_TARGET = 10.15;
				MTL_ENABLE_DEBUG_INFO = NO;
				MTL_FAST_MATH = YES;
				SDKROOT = macosx;
				SWIFT_COMPILATION_MODE = wholemodule;
				SWIFT_OPTIMIZATION_LEVEL = "-O";
			};
			name = Release;
		};
/* End XCBuildConfiguration section */

/* Begin XCConfigurationList section */
		F8388AD22780139000032790 /* Build configuration list for PBXNativeTarget "ShapesSwiftBook (iOS)" */ = {
			isa = XCConfigurationList;
			buildConfigurations = (
				F8388AD32780139000032790 /* Debug */,
				F8388AD42780139000032790 /* Release */,
			);
			defaultConfigurationIsVisible = 0;
			defaultConfigurationName = Release;
		};
		F8388AD52780139000032790 /* Build configuration list for PBXNativeTarget "ShapesSwiftBook (macOS)" */ = {
			isa = XCConfigurationList;
			buildConfigurations = (
				F8388AD62780139000032790 /* Debug */,
				F8388AD72780139000032790 /* Release */,
			);
			defaultConfigurationIsVisible = 0;
			defaultConfigurationName = Release;
		};
		F87159D1275835D600FFFA16 /* Build configuration list for PBXProject "Shapes" */ = {
			isa = XCConfigurationList;
			buildConfigurations = (
				F87159E7275835D700FFFA16 /* Debug */,
				F87159E8275835D700FFFA16 /* Release */,
			);
			defaultConfigurationIsVisible = 0;
			defaultConfigurationName = Release;
		};
/* End XCConfigurationList section */

/* Begin XCRemoteSwiftPackageReference section */
		F825C1F82788B80700CA8484 /* XCRemoteSwiftPackageReference "swiftbook" */ = {
			isa = XCRemoteSwiftPackageReference;
			repositoryURL = "https://github.com/hpennington/swiftbook.git";
			requirement = {
				kind = upToNextMajorVersion;
				minimumVersion = 0.3.0;
			};
		};
/* End XCRemoteSwiftPackageReference section */

/* Begin XCSwiftPackageProductDependency section */
		F825C1F92788B80700CA8484 /* SwiftBook */ = {
			isa = XCSwiftPackageProductDependency;
			package = F825C1F82788B80700CA8484 /* XCRemoteSwiftPackageReference "swiftbook" */;
			productName = SwiftBook;
		};
		F825C1FB2788B80F00CA8484 /* SwiftBook */ = {
			isa = XCSwiftPackageProductDependency;
			package = F825C1F82788B80700CA8484 /* XCRemoteSwiftPackageReference "swiftbook" */;
			productName = SwiftBook;
		};
/* End XCSwiftPackageProductDependency section */
	};
	rootObject = F87159CE275835D600FFFA16 /* Project object */;
}
